
Microsoft Visual Studio Solution File, Format Version 12.00
# Visual Studio Version 16
VisualStudioVersion = 16.0.28902.138
MinimumVisualStudioVersion = 10.0.40219.1
Project("{FAE04EC0-301F-11D3-BF4B-00C04F79EFBC}") = "GameStore.UnitTests", "GameStore.UnitTests\GameStore.UnitTests.csproj", "{D305B033-ADA1-4B13-8FEF-0A548D7F6468}"
EndProject
Project("{9A19103F-16F7-4668-BE54-9A1E7A4F7556}") = "GameStore.Domain", "GameStore.Domain\GameStore.Domain.csproj", "{A6933852-1A9C-4B55-A739-711470CF4D42}"
EndProject
Project("{9A19103F-16F7-4668-BE54-9A1E7A4F7556}") = "GameStore.Web", "GameStore.Web\GameStore.Web.csproj", "{EFEF080F-29E3-48AB-9369-AC131731B9EA}"
EndProject
Global
	GlobalSection(SolutionConfigurationPlatforms) = preSolution
		Debug|Any CPU = Debug|Any CPU
		Release|Any CPU = Release|Any CPU
	EndGlobalSection
	GlobalSection(ProjectConfigurationPlatforms) = postSolution
		{D305B033-ADA1-4B13-8FEF-0A548D7F6468}.Debug|Any CPU.ActiveCfg = Debug|Any CPU
		{D305B033-ADA1-4B13-8FEF-0A548D7F6468}.Debug|Any CPU.Build.0 = Debug|Any CPU
		{D305B033-ADA1-4B13-8FEF-0A548D7F6468}.Release|Any CPU.ActiveCfg = Release|Any CPU
		{D305B033-ADA1-4B13-8FEF-0A548D7F6468}.Release|Any CPU.Build.0 = Release|Any CPU
		{A6933852-1A9C-4B55-A739-711470CF4D42}.Debug|Any CPU.ActiveCfg = Debug|Any CPU
		{A6933852-1A9C-4B55-A739-711470CF4D42}.Debug|Any CPU.Build.0 = Debug|Any CPU
		{A6933852-1A9C-4B55-A739-711470CF4D42}.Release|Any CPU.ActiveCfg = Release|Any CPU
		{A6933852-1A9C-4B55-A739-711470CF4D42}.Release|Any CPU.Build.0 = Release|Any CPU
		{EFEF080F-29E3-48AB-9369-AC131731B9EA}.Debug|Any CPU.ActiveCfg = Debug|Any CPU
		{EFEF080F-29E3-48AB-9369-AC131731B9EA}.Debug|Any CPU.Build.0 = Debug|Any CPU
		{EFEF080F-29E3-48AB-9369-AC131731B9EA}.Release|Any CPU.ActiveCfg = Release|Any CPU
		{EFEF080F-29E3-48AB-9369-AC131731B9EA}.Release|Any CPU.Build.0 = Release|Any CPU
	EndGlobalSection
	GlobalSection(SolutionProperties) = preSolution
		HideSolutionNode = FALSE
	EndGlobalSection
	GlobalSection(ExtensibilityGlobals) = postSolution
		SolutionGuid = {50DA9D0C-4E81-4D6D-8A2A-021364D69942}
	EndGlobalSection
EndGlobal
